
Microsoft Visual Studio Solution File, Format Version 12.00
# Visual Studio 15
VisualStudioVersion = 15.0.27428.2037
MinimumVisualStudioVersion = 10.0.40219.1
Project("{FAE04EC0-301F-11D3-BF4B-00C04F79EFBC}") = "Website", "Website\Website.csproj", "{C838C6E5-9DA6-45A7-A5D3-2B7021EC6160}"
EndProject
Global
	GlobalSection(SolutionConfigurationPlatforms) = preSolution
		Debug|Any CPU = Debug|Any CPU
		Release|Any CPU = Release|Any CPU
	EndGlobalSection
	GlobalSection(ProjectConfigurationPlatforms) = postSolution
		{C838C6E5-9DA6-45A7-A5D3-2B7021EC6160}.Debug|Any CPU.ActiveCfg = Debug|Any CPU
		{C838C6E5-9DA6-45A7-A5D3-2B7021EC6160}.Debug|Any CPU.Build.0 = Debug|Any CPU
		{C838C6E5-9DA6-45A7-A5D3-2B7021EC6160}.Release|Any CPU.ActiveCfg = Release|Any CPU
		{C838C6E5-9DA6-45A7-A5D3-2B7021EC6160}.Release|Any CPU.Build.0 = Release|Any CPU
	EndGlobalSection
	GlobalSection(SolutionProperties) = preSolution
		HideSolutionNode = FALSE
	EndGlobalSection
	GlobalSection(ExtensibilityGlobals) = postSolution
		SolutionGuid = {2D6FFB12-964B-4CAD-94A7-EFB39F7137E6}
	EndGlobalSection
EndGlobal
